// !$*UTF8*$!
{
	archiveVersion = 1;
	classes = {
	};
	objectVersion = 48;
	objects = {

/* Begin PBXBuildFile section */
		157B82CFB1B3AF223A1EC19E /* Pods_Beefficient.framework in Frameworks */ = {isa = PBXBuildFile; fileRef = 1B9B050C0FACFD79EDA5FDDB /* Pods_Beefficient.framework */; };
		4C3860BF206A32290060335C /* AppDelegate.swift in Sources */ = {isa = PBXBuildFile; fileRef = 4C3860BE206A32290060335C /* AppDelegate.swift */; };
		4C3860C1206A32290060335C /* ViewController.swift in Sources */ = {isa = PBXBuildFile; fileRef = 4C3860C0206A32290060335C /* ViewController.swift */; };
		4C3860C4206A32290060335C /* Main.storyboard in Resources */ = {isa = PBXBuildFile; fileRef = 4C3860C2206A32290060335C /* Main.storyboard */; };
		4C3860C6206A32290060335C /* Assets.xcassets in Resources */ = {isa = PBXBuildFile; fileRef = 4C3860C5206A32290060335C /* Assets.xcassets */; };
		4C3860C9206A32290060335C /* LaunchScreen.storyboard in Resources */ = {isa = PBXBuildFile; fileRef = 4C3860C7206A32290060335C /* LaunchScreen.storyboard */; };
		4C3860D4206A32290060335C /* BeefficientTests.swift in Sources */ = {isa = PBXBuildFile; fileRef = 4C3860D3206A32290060335C /* BeefficientTests.swift */; };
		4C3860DF206A32290060335C /* BeefficientUITests.swift in Sources */ = {isa = PBXBuildFile; fileRef = 4C3860DE206A32290060335C /* BeefficientUITests.swift */; };
		4C43673D2087339F00227515 /* Environment.swift in Sources */ = {isa = PBXBuildFile; fileRef = 4C43673C2087339F00227515 /* Environment.swift */; };
		4C436740208737F200227515 /* AlertNotification.swift in Sources */ = {isa = PBXBuildFile; fileRef = 4C43673F208737F200227515 /* AlertNotification.swift */; };
		4C43674520873C7A00227515 /* UIViewController+Ext.swift in Sources */ = {isa = PBXBuildFile; fileRef = 4C43674420873C7A00227515 /* UIViewController+Ext.swift */; };
		4C4367482087445200227515 /* AuthTextField.swift in Sources */ = {isa = PBXBuildFile; fileRef = 4C4367472087445200227515 /* AuthTextField.swift */; };
		4C43674A2087493900227515 /* UIColor+Ext.swift in Sources */ = {isa = PBXBuildFile; fileRef = 4C4367492087493900227515 /* UIColor+Ext.swift */; };
		4C53E9632097601E008F0408 /* MyTasksViewController.swift in Sources */ = {isa = PBXBuildFile; fileRef = 4C53E9622097601E008F0408 /* MyTasksViewController.swift */; };
		4C53E96520976770008F0408 /* Task.swift in Sources */ = {isa = PBXBuildFile; fileRef = 4C53E96420976770008F0408 /* Task.swift */; };
		4C53E96720976E3C008F0408 /* ChatDate.swift in Sources */ = {isa = PBXBuildFile; fileRef = 4C53E96620976E3C008F0408 /* ChatDate.swift */; };
		4C53E9692097717E008F0408 /* Chat.swift in Sources */ = {isa = PBXBuildFile; fileRef = 4C53E9682097717E008F0408 /* Chat.swift */; };
		4C53E96D20986E3D008F0408 /* RequestResult.swift in Sources */ = {isa = PBXBuildFile; fileRef = 4C53E96C20986E3D008F0408 /* RequestResult.swift */; };
		4C53E96F20987BF4008F0408 /* MyTasksViewModel.swift in Sources */ = {isa = PBXBuildFile; fileRef = 4C53E96E20987BF4008F0408 /* MyTasksViewModel.swift */; };
		4C6EFA4C20867FF900BF97B1 /* BeefficientEndPoint.swift in Sources */ = {isa = PBXBuildFile; fileRef = 4C6EFA4B20867FF900BF97B1 /* BeefficientEndPoint.swift */; };
		4C6EFA4F2086806300BF97B1 /* EndPointType.swift in Sources */ = {isa = PBXBuildFile; fileRef = 4C6EFA4E2086806300BF97B1 /* EndPointType.swift */; };
		4C6EFA53208680FD00BF97B1 /* HTTPMethod.swift in Sources */ = {isa = PBXBuildFile; fileRef = 4C6EFA52208680FD00BF97B1 /* HTTPMethod.swift */; };
		4C6EFA552086811900BF97B1 /* HTTPTask.swift in Sources */ = {isa = PBXBuildFile; fileRef = 4C6EFA542086811900BF97B1 /* HTTPTask.swift */; };
		4C6EFA572086815400BF97B1 /* NetworkLogger.swift in Sources */ = {isa = PBXBuildFile; fileRef = 4C6EFA562086815400BF97B1 /* NetworkLogger.swift */; };
		4C6EFA592086818200BF97B1 /* Router.swift in Sources */ = {isa = PBXBuildFile; fileRef = 4C6EFA582086818200BF97B1 /* Router.swift */; };
		4C6EFA5C208683E100BF97B1 /* ParameterEncoding.swift in Sources */ = {isa = PBXBuildFile; fileRef = 4C6EFA5B208683E100BF97B1 /* ParameterEncoding.swift */; };
		4C6EFA5E2086840B00BF97B1 /* URLParameterEncoding.swift in Sources */ = {isa = PBXBuildFile; fileRef = 4C6EFA5D2086840B00BF97B1 /* URLParameterEncoding.swift */; };
		4C6EFA602086842F00BF97B1 /* JSONParameterEncoding.swift in Sources */ = {isa = PBXBuildFile; fileRef = 4C6EFA5F2086842F00BF97B1 /* JSONParameterEncoding.swift */; };
		4C6EFA632086894B00BF97B1 /* NetworkManager.swift in Sources */ = {isa = PBXBuildFile; fileRef = 4C6EFA622086894B00BF97B1 /* NetworkManager.swift */; };
		4C9AC6AC208DDFCA00C92CAD /* VerifyViewController.swift in Sources */ = {isa = PBXBuildFile; fileRef = 4C9AC6AB208DDFCA00C92CAD /* VerifyViewController.swift */; };
		4C9AC6AE208DDFF700C92CAD /* VerifyViewModel.swift in Sources */ = {isa = PBXBuildFile; fileRef = 4C9AC6AD208DDFF700C92CAD /* VerifyViewModel.swift */; };
		4C9D2482206D29B80094FCDF /* User.swift in Sources */ = {isa = PBXBuildFile; fileRef = 4C9D2481206D29B80094FCDF /* User.swift */; };
		4C9E038720BDC59500DA3074 /* ChatMessageTableViewCell.swift in Sources */ = {isa = PBXBuildFile; fileRef = 4C9E038620BDC59500DA3074 /* ChatMessageTableViewCell.swift */; };
		4C9E038920BDCF7E00DA3074 /* UIView+Ext.swift in Sources */ = {isa = PBXBuildFile; fileRef = 4C9E038820BDCF7E00DA3074 /* UIView+Ext.swift */; };
		4C9E038B20C189FF00DA3074 /* PoolViewController.swift in Sources */ = {isa = PBXBuildFile; fileRef = 4C9E038A20C189FF00DA3074 /* PoolViewController.swift */; };
		4C9E038D20C18A5400DA3074 /* PoolViewModel.swift in Sources */ = {isa = PBXBuildFile; fileRef = 4C9E038C20C18A5400DA3074 /* PoolViewModel.swift */; };
		4C9E038F20C2BF4D00DA3074 /* Hive.swift in Sources */ = {isa = PBXBuildFile; fileRef = 4C9E038E20C2BF4D00DA3074 /* Hive.swift */; };
		4C9E039520C2C1D500DA3074 /* HivesViewModel.swift in Sources */ = {isa = PBXBuildFile; fileRef = 4C9E039420C2C1D500DA3074 /* HivesViewModel.swift */; };
		4C9E039720C2C2D700DA3074 /* HivesViewController.swift in Sources */ = {isa = PBXBuildFile; fileRef = 4C9E039620C2C2D700DA3074 /* HivesViewController.swift */; };
		4C9E039A20C2C72C00DA3074 /* HivesHeaderTableViewCell.swift in Sources */ = {isa = PBXBuildFile; fileRef = 4C9E039820C2C72C00DA3074 /* HivesHeaderTableViewCell.swift */; };
		4C9E039B20C2C72C00DA3074 /* HivesHeaderTableViewCell.xib in Resources */ = {isa = PBXBuildFile; fileRef = 4C9E039920C2C72C00DA3074 /* HivesHeaderTableViewCell.xib */; };
		4CC1442D20C711A000555A3B /* TaskTableViewCell.swift in Sources */ = {isa = PBXBuildFile; fileRef = 4CC1442B20C711A000555A3B /* TaskTableViewCell.swift */; };
		4CC1442E20C711A000555A3B /* TaskTableViewCell.xib in Resources */ = {isa = PBXBuildFile; fileRef = 4CC1442C20C711A000555A3B /* TaskTableViewCell.xib */; };
		4CC1443020C72C4D00555A3B /* Hive.storyboard in Resources */ = {isa = PBXBuildFile; fileRef = 4CC1442F20C72C4D00555A3B /* Hive.storyboard */; };
		4CC1443220C7322100555A3B /* MemberTableViewCell.swift in Sources */ = {isa = PBXBuildFile; fileRef = 4CC1443120C7322100555A3B /* MemberTableViewCell.swift */; };
		4CCDE0E62072052100332F6D /* Auth.storyboard in Resources */ = {isa = PBXBuildFile; fileRef = 4CCDE0E52072052100332F6D /* Auth.storyboard */; };
		4CCDE0E8207215F800332F6D /* AuthViewController.swift in Sources */ = {isa = PBXBuildFile; fileRef = 4CCDE0E7207215F800332F6D /* AuthViewController.swift */; };
		4CCDE0EA20721A0E00332F6D /* LoginViewController.swift in Sources */ = {isa = PBXBuildFile; fileRef = 4CCDE0E920721A0E00332F6D /* LoginViewController.swift */; };
		4CCDE0EC20721B7D00332F6D /* LoginViewModel.swift in Sources */ = {isa = PBXBuildFile; fileRef = 4CCDE0EB20721B7D00332F6D /* LoginViewModel.swift */; };
		4CCDE0EE20721BD000332F6D /* SignUpViewController.swift in Sources */ = {isa = PBXBuildFile; fileRef = 4CCDE0ED20721BD000332F6D /* SignUpViewController.swift */; };
		4CCDE0F020721EB600332F6D /* SignUpViewModel.swift in Sources */ = {isa = PBXBuildFile; fileRef = 4CCDE0EF20721EB600332F6D /* SignUpViewModel.swift */; };
		4CCDE0F2207221EC00332F6D /* Validation.swift in Sources */ = {isa = PBXBuildFile; fileRef = 4CCDE0F1207221EC00332F6D /* Validation.swift */; };
		4CEB444720BBFD77001D23C1 /* TimeWork.swift in Sources */ = {isa = PBXBuildFile; fileRef = 4CEB444620BBFD77001D23C1 /* TimeWork.swift */; };
		4CEB444E20BC41DC001D23C1 /* Task.storyboard in Resources */ = {isa = PBXBuildFile; fileRef = 4CEB444D20BC41DC001D23C1 /* Task.storyboard */; };
		4CEB445020BC4674001D23C1 /* TaskViewController.swift in Sources */ = {isa = PBXBuildFile; fileRef = 4CEB444F20BC4674001D23C1 /* TaskViewController.swift */; };
		4CEB445220BC4694001D23C1 /* TaskViewModel.swift in Sources */ = {isa = PBXBuildFile; fileRef = 4CEB445120BC4694001D23C1 /* TaskViewModel.swift */; };
		994501E4187FD0E13AF10C0C /* Pods_BeefficientUITests.framework in Frameworks */ = {isa = PBXBuildFile; fileRef = 7816677893EDA02094E4A0EA /* Pods_BeefficientUITests.framework */; };
		AE03C80B9EF24540B44BA7DD /* Pods_BeefficientTests.framework in Frameworks */ = {isa = PBXBuildFile; fileRef = 8E47BB1F31CCA8AC2D7B5A3D /* Pods_BeefficientTests.framework */; };
/* End PBXBuildFile section */

/* Begin PBXContainerItemProxy section */
		4C3860D0206A32290060335C /* PBXContainerItemProxy */ = {
			isa = PBXContainerItemProxy;
			containerPortal = 4C3860B3206A32290060335C /* Project object */;
			proxyType = 1;
			remoteGlobalIDString = 4C3860BA206A32290060335C;
			remoteInfo = Beefficient;
		};
		4C3860DB206A32290060335C /* PBXContainerItemProxy */ = {
			isa = PBXContainerItemProxy;
			containerPortal = 4C3860B3206A32290060335C /* Project object */;
			proxyType = 1;
			remoteGlobalIDString = 4C3860BA206A32290060335C;
			remoteInfo = Beefficient;
		};
/* End PBXContainerItemProxy section */

/* Begin PBXFileReference section */
		1B9B050C0FACFD79EDA5FDDB /* Pods_Beefficient.framework */ = {isa = PBXFileReference; explicitFileType = wrapper.framework; includeInIndex = 0; path = Pods_Beefficient.framework; sourceTree = BUILT_PRODUCTS_DIR; };
		35BB19040F593C2ED5B18A80 /* Pods-Beefficient.debug.xcconfig */ = {isa = PBXFileReference; includeInIndex = 1; lastKnownFileType = text.xcconfig; name = "Pods-Beefficient.debug.xcconfig"; path = "Pods/Target Support Files/Pods-Beefficient/Pods-Beefficient.debug.xcconfig"; sourceTree = "<group>"; };
		4C3860BB206A32290060335C /* Beefficient.app */ = {isa = PBXFileReference; explicitFileType = wrapper.application; includeInIndex = 0; path = Beefficient.app; sourceTree = BUILT_PRODUCTS_DIR; };
		4C3860BE206A32290060335C /* AppDelegate.swift */ = {isa = PBXFileReference; lastKnownFileType = sourcecode.swift; path = AppDelegate.swift; sourceTree = "<group>"; };
		4C3860C0206A32290060335C /* ViewController.swift */ = {isa = PBXFileReference; lastKnownFileType = sourcecode.swift; path = ViewController.swift; sourceTree = "<group>"; };
		4C3860C3206A32290060335C /* Base */ = {isa = PBXFileReference; lastKnownFileType = file.storyboard; name = Base; path = Base.lproj/Main.storyboard; sourceTree = "<group>"; };
		4C3860C5206A32290060335C /* Assets.xcassets */ = {isa = PBXFileReference; lastKnownFileType = folder.assetcatalog; path = Assets.xcassets; sourceTree = "<group>"; };
		4C3860C8206A32290060335C /* Base */ = {isa = PBXFileReference; lastKnownFileType = file.storyboard; name = Base; path = Base.lproj/LaunchScreen.storyboard; sourceTree = "<group>"; };
		4C3860CA206A32290060335C /* Info.plist */ = {isa = PBXFileReference; lastKnownFileType = text.plist.xml; path = Info.plist; sourceTree = "<group>"; };
		4C3860CF206A32290060335C /* BeefficientTests.xctest */ = {isa = PBXFileReference; explicitFileType = wrapper.cfbundle; includeInIndex = 0; path = BeefficientTests.xctest; sourceTree = BUILT_PRODUCTS_DIR; };
		4C3860D3206A32290060335C /* BeefficientTests.swift */ = {isa = PBXFileReference; lastKnownFileType = sourcecode.swift; path = BeefficientTests.swift; sourceTree = "<group>"; };
		4C3860D5206A32290060335C /* Info.plist */ = {isa = PBXFileReference; lastKnownFileType = text.plist.xml; path = Info.plist; sourceTree = "<group>"; };
		4C3860DA206A32290060335C /* BeefficientUITests.xctest */ = {isa = PBXFileReference; explicitFileType = wrapper.cfbundle; includeInIndex = 0; path = BeefficientUITests.xctest; sourceTree = BUILT_PRODUCTS_DIR; };
		4C3860DE206A32290060335C /* BeefficientUITests.swift */ = {isa = PBXFileReference; lastKnownFileType = sourcecode.swift; path = BeefficientUITests.swift; sourceTree = "<group>"; };
		4C3860E0206A32290060335C /* Info.plist */ = {isa = PBXFileReference; lastKnownFileType = text.plist.xml; path = Info.plist; sourceTree = "<group>"; };
		4C43673C2087339F00227515 /* Environment.swift */ = {isa = PBXFileReference; lastKnownFileType = sourcecode.swift; path = Environment.swift; sourceTree = "<group>"; };
		4C43673F208737F200227515 /* AlertNotification.swift */ = {isa = PBXFileReference; lastKnownFileType = sourcecode.swift; path = AlertNotification.swift; sourceTree = "<group>"; };
		4C43674420873C7A00227515 /* UIViewController+Ext.swift */ = {isa = PBXFileReference; lastKnownFileType = sourcecode.swift; path = "UIViewController+Ext.swift"; sourceTree = "<group>"; };
		4C4367472087445200227515 /* AuthTextField.swift */ = {isa = PBXFileReference; lastKnownFileType = sourcecode.swift; path = AuthTextField.swift; sourceTree = "<group>"; };
		4C4367492087493900227515 /* UIColor+Ext.swift */ = {isa = PBXFileReference; lastKnownFileType = sourcecode.swift; path = "UIColor+Ext.swift"; sourceTree = "<group>"; };
		4C53E9622097601E008F0408 /* MyTasksViewController.swift */ = {isa = PBXFileReference; lastKnownFileType = sourcecode.swift; path = MyTasksViewController.swift; sourceTree = "<group>"; };
		4C53E96420976770008F0408 /* Task.swift */ = {isa = PBXFileReference; lastKnownFileType = sourcecode.swift; path = Task.swift; sourceTree = "<group>"; };
		4C53E96620976E3C008F0408 /* ChatDate.swift */ = {isa = PBXFileReference; lastKnownFileType = sourcecode.swift; path = ChatDate.swift; sourceTree = "<group>"; };
		4C53E9682097717E008F0408 /* Chat.swift */ = {isa = PBXFileReference; lastKnownFileType = sourcecode.swift; path = Chat.swift; sourceTree = "<group>"; };
		4C53E96C20986E3D008F0408 /* RequestResult.swift */ = {isa = PBXFileReference; lastKnownFileType = sourcecode.swift; path = RequestResult.swift; sourceTree = "<group>"; };
		4C53E96E20987BF4008F0408 /* MyTasksViewModel.swift */ = {isa = PBXFileReference; lastKnownFileType = sourcecode.swift; path = MyTasksViewModel.swift; sourceTree = "<group>"; };
		4C6EFA4B20867FF900BF97B1 /* BeefficientEndPoint.swift */ = {isa = PBXFileReference; lastKnownFileType = sourcecode.swift; path = BeefficientEndPoint.swift; sourceTree = "<group>"; };
		4C6EFA4E2086806300BF97B1 /* EndPointType.swift */ = {isa = PBXFileReference; lastKnownFileType = sourcecode.swift; path = EndPointType.swift; sourceTree = "<group>"; };
		4C6EFA52208680FD00BF97B1 /* HTTPMethod.swift */ = {isa = PBXFileReference; lastKnownFileType = sourcecode.swift; path = HTTPMethod.swift; sourceTree = "<group>"; };
		4C6EFA542086811900BF97B1 /* HTTPTask.swift */ = {isa = PBXFileReference; lastKnownFileType = sourcecode.swift; path = HTTPTask.swift; sourceTree = "<group>"; };
		4C6EFA562086815400BF97B1 /* NetworkLogger.swift */ = {isa = PBXFileReference; lastKnownFileType = sourcecode.swift; path = NetworkLogger.swift; sourceTree = "<group>"; };
		4C6EFA582086818200BF97B1 /* Router.swift */ = {isa = PBXFileReference; lastKnownFileType = sourcecode.swift; path = Router.swift; sourceTree = "<group>"; };
		4C6EFA5B208683E100BF97B1 /* ParameterEncoding.swift */ = {isa = PBXFileReference; lastKnownFileType = sourcecode.swift; path = ParameterEncoding.swift; sourceTree = "<group>"; };
		4C6EFA5D2086840B00BF97B1 /* URLParameterEncoding.swift */ = {isa = PBXFileReference; lastKnownFileType = sourcecode.swift; path = URLParameterEncoding.swift; sourceTree = "<group>"; };
		4C6EFA5F2086842F00BF97B1 /* JSONParameterEncoding.swift */ = {isa = PBXFileReference; lastKnownFileType = sourcecode.swift; path = JSONParameterEncoding.swift; sourceTree = "<group>"; };
		4C6EFA622086894B00BF97B1 /* NetworkManager.swift */ = {isa = PBXFileReference; lastKnownFileType = sourcecode.swift; path = NetworkManager.swift; sourceTree = "<group>"; };
		4C9AC6AB208DDFCA00C92CAD /* VerifyViewController.swift */ = {isa = PBXFileReference; lastKnownFileType = sourcecode.swift; path = VerifyViewController.swift; sourceTree = "<group>"; };
		4C9AC6AD208DDFF700C92CAD /* VerifyViewModel.swift */ = {isa = PBXFileReference; lastKnownFileType = sourcecode.swift; path = VerifyViewModel.swift; sourceTree = "<group>"; };
		4C9D2481206D29B80094FCDF /* User.swift */ = {isa = PBXFileReference; lastKnownFileType = sourcecode.swift; path = User.swift; sourceTree = "<group>"; };
		4C9E038620BDC59500DA3074 /* ChatMessageTableViewCell.swift */ = {isa = PBXFileReference; lastKnownFileType = sourcecode.swift; path = ChatMessageTableViewCell.swift; sourceTree = "<group>"; };
		4C9E038820BDCF7E00DA3074 /* UIView+Ext.swift */ = {isa = PBXFileReference; lastKnownFileType = sourcecode.swift; path = "UIView+Ext.swift"; sourceTree = "<group>"; };
		4C9E038A20C189FF00DA3074 /* PoolViewController.swift */ = {isa = PBXFileReference; lastKnownFileType = sourcecode.swift; path = PoolViewController.swift; sourceTree = "<group>"; };
		4C9E038C20C18A5400DA3074 /* PoolViewModel.swift */ = {isa = PBXFileReference; lastKnownFileType = sourcecode.swift; path = PoolViewModel.swift; sourceTree = "<group>"; };
		4C9E038E20C2BF4D00DA3074 /* Hive.swift */ = {isa = PBXFileReference; lastKnownFileType = sourcecode.swift; path = Hive.swift; sourceTree = "<group>"; };
		4C9E039420C2C1D500DA3074 /* HivesViewModel.swift */ = {isa = PBXFileReference; lastKnownFileType = sourcecode.swift; path = HivesViewModel.swift; sourceTree = "<group>"; };
		4C9E039620C2C2D700DA3074 /* HivesViewController.swift */ = {isa = PBXFileReference; lastKnownFileType = sourcecode.swift; path = HivesViewController.swift; sourceTree = "<group>"; };
		4C9E039820C2C72C00DA3074 /* HivesHeaderTableViewCell.swift */ = {isa = PBXFileReference; lastKnownFileType = sourcecode.swift; path = HivesHeaderTableViewCell.swift; sourceTree = "<group>"; };
		4C9E039920C2C72C00DA3074 /* HivesHeaderTableViewCell.xib */ = {isa = PBXFileReference; lastKnownFileType = file.xib; path = HivesHeaderTableViewCell.xib; sourceTree = "<group>"; };
		4CC1442B20C711A000555A3B /* TaskTableViewCell.swift */ = {isa = PBXFileReference; lastKnownFileType = sourcecode.swift; path = TaskTableViewCell.swift; sourceTree = "<group>"; };
		4CC1442C20C711A000555A3B /* TaskTableViewCell.xib */ = {isa = PBXFileReference; lastKnownFileType = file.xib; path = TaskTableViewCell.xib; sourceTree = "<group>"; };
		4CC1442F20C72C4D00555A3B /* Hive.storyboard */ = {isa = PBXFileReference; lastKnownFileType = file.storyboard; path = Hive.storyboard; sourceTree = "<group>"; };
		4CC1443120C7322100555A3B /* MemberTableViewCell.swift */ = {isa = PBXFileReference; lastKnownFileType = sourcecode.swift; path = MemberTableViewCell.swift; sourceTree = "<group>"; };
		4CCDE0E52072052100332F6D /* Auth.storyboard */ = {isa = PBXFileReference; lastKnownFileType = file.storyboard; path = Auth.storyboard; sourceTree = "<group>"; };
		4CCDE0E7207215F800332F6D /* AuthViewController.swift */ = {isa = PBXFileReference; lastKnownFileType = sourcecode.swift; path = AuthViewController.swift; sourceTree = "<group>"; };
		4CCDE0E920721A0E00332F6D /* LoginViewController.swift */ = {isa = PBXFileReference; lastKnownFileType = sourcecode.swift; path = LoginViewController.swift; sourceTree = "<group>"; };
		4CCDE0EB20721B7D00332F6D /* LoginViewModel.swift */ = {isa = PBXFileReference; lastKnownFileType = sourcecode.swift; path = LoginViewModel.swift; sourceTree = "<group>"; };
		4CCDE0ED20721BD000332F6D /* SignUpViewController.swift */ = {isa = PBXFileReference; lastKnownFileType = sourcecode.swift; path = SignUpViewController.swift; sourceTree = "<group>"; };
		4CCDE0EF20721EB600332F6D /* SignUpViewModel.swift */ = {isa = PBXFileReference; lastKnownFileType = sourcecode.swift; path = SignUpViewModel.swift; sourceTree = "<group>"; };
		4CCDE0F1207221EC00332F6D /* Validation.swift */ = {isa = PBXFileReference; lastKnownFileType = sourcecode.swift; path = Validation.swift; sourceTree = "<group>"; };
		4CEB444620BBFD77001D23C1 /* TimeWork.swift */ = {isa = PBXFileReference; lastKnownFileType = sourcecode.swift; path = TimeWork.swift; sourceTree = "<group>"; };
		4CEB444D20BC41DC001D23C1 /* Task.storyboard */ = {isa = PBXFileReference; lastKnownFileType = file.storyboard; path = Task.storyboard; sourceTree = "<group>"; };
		4CEB444F20BC4674001D23C1 /* TaskViewController.swift */ = {isa = PBXFileReference; lastKnownFileType = sourcecode.swift; path = TaskViewController.swift; sourceTree = "<group>"; };
		4CEB445120BC4694001D23C1 /* TaskViewModel.swift */ = {isa = PBXFileReference; lastKnownFileType = sourcecode.swift; path = TaskViewModel.swift; sourceTree = "<group>"; };
		7816677893EDA02094E4A0EA /* Pods_BeefficientUITests.framework */ = {isa = PBXFileReference; explicitFileType = wrapper.framework; includeInIndex = 0; path = Pods_BeefficientUITests.framework; sourceTree = BUILT_PRODUCTS_DIR; };
		89C896AB408924F217C08A17 /* Pods-BeefficientTests.debug.xcconfig */ = {isa = PBXFileReference; includeInIndex = 1; lastKnownFileType = text.xcconfig; name = "Pods-BeefficientTests.debug.xcconfig"; path = "Pods/Target Support Files/Pods-BeefficientTests/Pods-BeefficientTests.debug.xcconfig"; sourceTree = "<group>"; };
		8E47BB1F31CCA8AC2D7B5A3D /* Pods_BeefficientTests.framework */ = {isa = PBXFileReference; explicitFileType = wrapper.framework; includeInIndex = 0; path = Pods_BeefficientTests.framework; sourceTree = BUILT_PRODUCTS_DIR; };
		B75244F1548D4E678FA9E1A6 /* Pods-BeefficientTests.release.xcconfig */ = {isa = PBXFileReference; includeInIndex = 1; lastKnownFileType = text.xcconfig; name = "Pods-BeefficientTests.release.xcconfig"; path = "Pods/Target Support Files/Pods-BeefficientTests/Pods-BeefficientTests.release.xcconfig"; sourceTree = "<group>"; };
		CA14AE005F31CB069C3A9B63 /* Pods-Beefficient.release.xcconfig */ = {isa = PBXFileReference; includeInIndex = 1; lastKnownFileType = text.xcconfig; name = "Pods-Beefficient.release.xcconfig"; path = "Pods/Target Support Files/Pods-Beefficient/Pods-Beefficient.release.xcconfig"; sourceTree = "<group>"; };
		CD72AF901C861B03C87ACED6 /* Pods-BeefficientUITests.debug.xcconfig */ = {isa = PBXFileReference; includeInIndex = 1; lastKnownFileType = text.xcconfig; name = "Pods-BeefficientUITests.debug.xcconfig"; path = "Pods/Target Support Files/Pods-BeefficientUITests/Pods-BeefficientUITests.debug.xcconfig"; sourceTree = "<group>"; };
		EA8DB2E6987448D140178502 /* Pods-BeefficientUITests.release.xcconfig */ = {isa = PBXFileReference; includeInIndex = 1; lastKnownFileType = text.xcconfig; name = "Pods-BeefficientUITests.release.xcconfig"; path = "Pods/Target Support Files/Pods-BeefficientUITests/Pods-BeefficientUITests.release.xcconfig"; sourceTree = "<group>"; };
/* End PBXFileReference section */

/* Begin PBXFrameworksBuildPhase section */
		4C3860B8206A32290060335C /* Frameworks */ = {
			isa = PBXFrameworksBuildPhase;
			buildActionMask = 2147483647;
			files = (
				157B82CFB1B3AF223A1EC19E /* Pods_Beefficient.framework in Frameworks */,
			);
			runOnlyForDeploymentPostprocessing = 0;
		};
		4C3860CC206A32290060335C /* Frameworks */ = {
			isa = PBXFrameworksBuildPhase;
			buildActionMask = 2147483647;
			files = (
				AE03C80B9EF24540B44BA7DD /* Pods_BeefficientTests.framework in Frameworks */,
			);
			runOnlyForDeploymentPostprocessing = 0;
		};
		4C3860D7206A32290060335C /* Frameworks */ = {
			isa = PBXFrameworksBuildPhase;
			buildActionMask = 2147483647;
			files = (
				994501E4187FD0E13AF10C0C /* Pods_BeefficientUITests.framework in Frameworks */,
			);
			runOnlyForDeploymentPostprocessing = 0;
		};
/* End PBXFrameworksBuildPhase section */

/* Begin PBXGroup section */
		4C3860B2206A32290060335C = {
			isa = PBXGroup;
			children = (
				4C3860BD206A32290060335C /* Beefficient */,
				4C3860D2206A32290060335C /* BeefficientTests */,
				4C3860DD206A32290060335C /* BeefficientUITests */,
				4C3860BC206A32290060335C /* Products */,
				BAA7543730B1C8B3C5C8CADE /* Pods */,
				DFB239532596F904346BE7D9 /* Frameworks */,
			);
			sourceTree = "<group>";
		};
		4C3860BC206A32290060335C /* Products */ = {
			isa = PBXGroup;
			children = (
				4C3860BB206A32290060335C /* Beefficient.app */,
				4C3860CF206A32290060335C /* BeefficientTests.xctest */,
				4C3860DA206A32290060335C /* BeefficientUITests.xctest */,
			);
			name = Products;
			sourceTree = "<group>";
		};
		4C3860BD206A32290060335C /* Beefficient */ = {
			isa = PBXGroup;
			children = (
				4CEB444520BBFD29001D23C1 /* Utils */,
				4C53E970209889EE008F0408 /* Views */,
				4C4367462087442700227515 /* Controls */,
				4C43674320873C4500227515 /* Extensions */,
				4C43673E208737AB00227515 /* Protocols */,
				4C43673B2087338A00227515 /* Environment */,
				4C3860F1206A58D00060335C /* Models */,
				4C3860EC206A42170060335C /* Networking */,
				4C3860F0206A58BE0060335C /* ViewModels */,
				4C3860EF206A58AD0060335C /* ViewControllers */,
				4CCDE0E4207204D000332F6D /* Storyboards */,
				4C3860BE206A32290060335C /* AppDelegate.swift */,
				4C3860C5206A32290060335C /* Assets.xcassets */,
				4C3860CA206A32290060335C /* Info.plist */,
			);
			path = Beefficient;
			sourceTree = "<group>";
		};
		4C3860D2206A32290060335C /* BeefficientTests */ = {
			isa = PBXGroup;
			children = (
				4C3860D3206A32290060335C /* BeefficientTests.swift */,
				4C3860D5206A32290060335C /* Info.plist */,
			);
			path = BeefficientTests;
			sourceTree = "<group>";
		};
		4C3860DD206A32290060335C /* BeefficientUITests */ = {
			isa = PBXGroup;
			children = (
				4C3860DE206A32290060335C /* BeefficientUITests.swift */,
				4C3860E0206A32290060335C /* Info.plist */,
			);
			path = BeefficientUITests;
			sourceTree = "<group>";
		};
		4C3860EC206A42170060335C /* Networking */ = {
			isa = PBXGroup;
			children = (
				4C6EFA612086893300BF97B1 /* Manager */,
				4C6EFA4A20867FB900BF97B1 /* EndPoint */,
				4C6EFA4D2086803F00BF97B1 /* Service */,
				4C6EFA5A208683BF00BF97B1 /* Encoding */,
			);
			path = Networking;
			sourceTree = "<group>";
		};
		4C3860EF206A58AD0060335C /* ViewControllers */ = {
			isa = PBXGroup;
			children = (
				4C3860C0206A32290060335C /* ViewController.swift */,
				4CCDE0E7207215F800332F6D /* AuthViewController.swift */,
				4CCDE0E920721A0E00332F6D /* LoginViewController.swift */,
				4CCDE0ED20721BD000332F6D /* SignUpViewController.swift */,
				4C9AC6AB208DDFCA00C92CAD /* VerifyViewController.swift */,
				4C53E9622097601E008F0408 /* MyTasksViewController.swift */,
				4CEB444F20BC4674001D23C1 /* TaskViewController.swift */,
				4C9E038A20C189FF00DA3074 /* PoolViewController.swift */,
				4C9E039620C2C2D700DA3074 /* HivesViewController.swift */,
			);
			path = ViewControllers;
			sourceTree = "<group>";
		};
		4C3860F0206A58BE0060335C /* ViewModels */ = {
			isa = PBXGroup;
			children = (
				4CCDE0EB20721B7D00332F6D /* LoginViewModel.swift */,
				4CCDE0EF20721EB600332F6D /* SignUpViewModel.swift */,
				4C9AC6AD208DDFF700C92CAD /* VerifyViewModel.swift */,
				4C53E96E20987BF4008F0408 /* MyTasksViewModel.swift */,
				4CEB445120BC4694001D23C1 /* TaskViewModel.swift */,
				4C9E038C20C18A5400DA3074 /* PoolViewModel.swift */,
				4C9E039420C2C1D500DA3074 /* HivesViewModel.swift */,
			);
			path = ViewModels;
			sourceTree = "<group>";
		};
		4C3860F1206A58D00060335C /* Models */ = {
			isa = PBXGroup;
			children = (
				4C9D2481206D29B80094FCDF /* User.swift */,
				4C53E96420976770008F0408 /* Task.swift */,
				4C53E96620976E3C008F0408 /* ChatDate.swift */,
				4C53E9682097717E008F0408 /* Chat.swift */,
				4C53E96C20986E3D008F0408 /* RequestResult.swift */,
				4C9E038E20C2BF4D00DA3074 /* Hive.swift */,
			);
			path = Models;
			sourceTree = "<group>";
		};
		4C43673B2087338A00227515 /* Environment */ = {
			isa = PBXGroup;
			children = (
				4C43673C2087339F00227515 /* Environment.swift */,
			);
			path = Environment;
			sourceTree = "<group>";
		};
		4C43673E208737AB00227515 /* Protocols */ = {
			isa = PBXGroup;
			children = (
				4C43673F208737F200227515 /* AlertNotification.swift */,
			);
			path = Protocols;
			sourceTree = "<group>";
		};
		4C43674320873C4500227515 /* Extensions */ = {
			isa = PBXGroup;
			children = (
				4C43674420873C7A00227515 /* UIViewController+Ext.swift */,
				4C4367492087493900227515 /* UIColor+Ext.swift */,
				4C9E038820BDCF7E00DA3074 /* UIView+Ext.swift */,
			);
			path = Extensions;
			sourceTree = "<group>";
		};
		4C4367462087442700227515 /* Controls */ = {
			isa = PBXGroup;
			children = (
				4C4367472087445200227515 /* AuthTextField.swift */,
			);
			path = Controls;
			sourceTree = "<group>";
		};
		4C53E970209889EE008F0408 /* Views */ = {
			isa = PBXGroup;
			children = (
				4C9E038620BDC59500DA3074 /* ChatMessageTableViewCell.swift */,
				4C9E039820C2C72C00DA3074 /* HivesHeaderTableViewCell.swift */,
				4C9E039920C2C72C00DA3074 /* HivesHeaderTableViewCell.xib */,
				4CC1442B20C711A000555A3B /* TaskTableViewCell.swift */,
				4CC1442C20C711A000555A3B /* TaskTableViewCell.xib */,
				4CC1443120C7322100555A3B /* MemberTableViewCell.swift */,
			);
			path = Views;
			sourceTree = "<group>";
		};
		4C6EFA4A20867FB900BF97B1 /* EndPoint */ = {
			isa = PBXGroup;
			children = (
				4C6EFA4B20867FF900BF97B1 /* BeefficientEndPoint.swift */,
			);
			path = EndPoint;
			sourceTree = "<group>";
		};
		4C6EFA4D2086803F00BF97B1 /* Service */ = {
			isa = PBXGroup;
			children = (
				4C6EFA4E2086806300BF97B1 /* EndPointType.swift */,
				4C6EFA52208680FD00BF97B1 /* HTTPMethod.swift */,
				4C6EFA542086811900BF97B1 /* HTTPTask.swift */,
				4C6EFA562086815400BF97B1 /* NetworkLogger.swift */,
				4C6EFA582086818200BF97B1 /* Router.swift */,
				4CCDE0F1207221EC00332F6D /* Validation.swift */,
			);
			path = Service;
			sourceTree = "<group>";
		};
		4C6EFA5A208683BF00BF97B1 /* Encoding */ = {
			isa = PBXGroup;
			children = (
				4C6EFA5B208683E100BF97B1 /* ParameterEncoding.swift */,
				4C6EFA5D2086840B00BF97B1 /* URLParameterEncoding.swift */,
				4C6EFA5F2086842F00BF97B1 /* JSONParameterEncoding.swift */,
			);
			path = Encoding;
			sourceTree = "<group>";
		};
		4C6EFA612086893300BF97B1 /* Manager */ = {
			isa = PBXGroup;
			children = (
				4C6EFA622086894B00BF97B1 /* NetworkManager.swift */,
			);
			path = Manager;
			sourceTree = "<group>";
		};
		4CCDE0E4207204D000332F6D /* Storyboards */ = {
			isa = PBXGroup;
			children = (
				4C3860C7206A32290060335C /* LaunchScreen.storyboard */,
				4C3860C2206A32290060335C /* Main.storyboard */,
				4CCDE0E52072052100332F6D /* Auth.storyboard */,
				4CEB444D20BC41DC001D23C1 /* Task.storyboard */,
				4CC1442F20C72C4D00555A3B /* Hive.storyboard */,
			);
			path = Storyboards;
			sourceTree = "<group>";
		};
		4CEB444520BBFD29001D23C1 /* Utils */ = {
			isa = PBXGroup;
			children = (
				4CEB444620BBFD77001D23C1 /* TimeWork.swift */,
			);
			path = Utils;
			sourceTree = "<group>";
		};
		BAA7543730B1C8B3C5C8CADE /* Pods */ = {
			isa = PBXGroup;
			children = (
				35BB19040F593C2ED5B18A80 /* Pods-Beefficient.debug.xcconfig */,
				CA14AE005F31CB069C3A9B63 /* Pods-Beefficient.release.xcconfig */,
				89C896AB408924F217C08A17 /* Pods-BeefficientTests.debug.xcconfig */,
				B75244F1548D4E678FA9E1A6 /* Pods-BeefficientTests.release.xcconfig */,
				CD72AF901C861B03C87ACED6 /* Pods-BeefficientUITests.debug.xcconfig */,
				EA8DB2E6987448D140178502 /* Pods-BeefficientUITests.release.xcconfig */,
			);
			name = Pods;
			sourceTree = "<group>";
		};
		DFB239532596F904346BE7D9 /* Frameworks */ = {
			isa = PBXGroup;
			children = (
				1B9B050C0FACFD79EDA5FDDB /* Pods_Beefficient.framework */,
				8E47BB1F31CCA8AC2D7B5A3D /* Pods_BeefficientTests.framework */,
				7816677893EDA02094E4A0EA /* Pods_BeefficientUITests.framework */,
			);
			name = Frameworks;
			sourceTree = "<group>";
		};
/* End PBXGroup section */

/* Begin PBXNativeTarget section */
		4C3860BA206A32290060335C /* Beefficient */ = {
			isa = PBXNativeTarget;
			buildConfigurationList = 4C3860E3206A32290060335C /* Build configuration list for PBXNativeTarget "Beefficient" */;
			buildPhases = (
				43BCCD4ED9461F1B1CDDB7FF /* [CP] Check Pods Manifest.lock */,
				4C3860B7206A32290060335C /* Sources */,
				4C3860B8206A32290060335C /* Frameworks */,
				4C3860B9206A32290060335C /* Resources */,
				1AC92A101C8CD28FB4C31358 /* [CP] Embed Pods Frameworks */,
				CBB322B3E12EB4973542906E /* [CP] Copy Pods Resources */,
			);
			buildRules = (
			);
			dependencies = (
			);
			name = Beefficient;
			productName = Beefficient;
			productReference = 4C3860BB206A32290060335C /* Beefficient.app */;
			productType = "com.apple.product-type.application";
		};
		4C3860CE206A32290060335C /* BeefficientTests */ = {
			isa = PBXNativeTarget;
			buildConfigurationList = 4C3860E6206A32290060335C /* Build configuration list for PBXNativeTarget "BeefficientTests" */;
			buildPhases = (
				7375C27C9BA6035E3F7D0FEA /* [CP] Check Pods Manifest.lock */,
				4C3860CB206A32290060335C /* Sources */,
				4C3860CC206A32290060335C /* Frameworks */,
				4C3860CD206A32290060335C /* Resources */,
				3AF28D5CD5C3428BA6E8B5C4 /* [CP] Embed Pods Frameworks */,
				6F9C58731A88170C652367ED /* [CP] Copy Pods Resources */,
			);
			buildRules = (
			);
			dependencies = (
				4C3860D1206A32290060335C /* PBXTargetDependency */,
			);
			name = BeefficientTests;
			productName = BeefficientTests;
			productReference = 4C3860CF206A32290060335C /* BeefficientTests.xctest */;
			productType = "com.apple.product-type.bundle.unit-test";
		};
		4C3860D9206A32290060335C /* BeefficientUITests */ = {
			isa = PBXNativeTarget;
			buildConfigurationList = 4C3860E9206A32290060335C /* Build configuration list for PBXNativeTarget "BeefficientUITests" */;
			buildPhases = (
				86C9D9D4D1B446EE9B24A7FF /* [CP] Check Pods Manifest.lock */,
				4C3860D6206A32290060335C /* Sources */,
				4C3860D7206A32290060335C /* Frameworks */,
				4C3860D8206A32290060335C /* Resources */,
				7E8C6214A2F2406E3D09BEF6 /* [CP] Embed Pods Frameworks */,
				11BB447743DB125CC788FCF6 /* [CP] Copy Pods Resources */,
			);
			buildRules = (
			);
			dependencies = (
				4C3860DC206A32290060335C /* PBXTargetDependency */,
			);
			name = BeefficientUITests;
			productName = BeefficientUITests;
			productReference = 4C3860DA206A32290060335C /* BeefficientUITests.xctest */;
			productType = "com.apple.product-type.bundle.ui-testing";
		};
/* End PBXNativeTarget section */

/* Begin PBXProject section */
		4C3860B3206A32290060335C /* Project object */ = {
			isa = PBXProject;
			attributes = {
				LastSwiftUpdateCheck = 0920;
				LastUpgradeCheck = 0930;
				ORGANIZATIONNAME = Eugen;
				TargetAttributes = {
					4C3860BA206A32290060335C = {
						CreatedOnToolsVersion = 9.2;
						ProvisioningStyle = Automatic;
					};
					4C3860CE206A32290060335C = {
						CreatedOnToolsVersion = 9.2;
						ProvisioningStyle = Automatic;
						TestTargetID = 4C3860BA206A32290060335C;
					};
					4C3860D9206A32290060335C = {
						CreatedOnToolsVersion = 9.2;
						ProvisioningStyle = Automatic;
						TestTargetID = 4C3860BA206A32290060335C;
					};
				};
			};
			buildConfigurationList = 4C3860B6206A32290060335C /* Build configuration list for PBXProject "Beefficient" */;
			compatibilityVersion = "Xcode 8.0";
			developmentRegion = en;
			hasScannedForEncodings = 0;
			knownRegions = (
				en,
				Base,
			);
			mainGroup = 4C3860B2206A32290060335C;
			productRefGroup = 4C3860BC206A32290060335C /* Products */;
			projectDirPath = "";
			projectRoot = "";
			targets = (
				4C3860BA206A32290060335C /* Beefficient */,
				4C3860CE206A32290060335C /* BeefficientTests */,
				4C3860D9206A32290060335C /* BeefficientUITests */,
			);
		};
/* End PBXProject section */

/* Begin PBXResourcesBuildPhase section */
		4C3860B9206A32290060335C /* Resources */ = {
			isa = PBXResourcesBuildPhase;
			buildActionMask = 2147483647;
			files = (
				4CEB444E20BC41DC001D23C1 /* Task.storyboard in Resources */,
				4CCDE0E62072052100332F6D /* Auth.storyboard in Resources */,
				4CC1443020C72C4D00555A3B /* Hive.storyboard in Resources */,
				4C9E039B20C2C72C00DA3074 /* HivesHeaderTableViewCell.xib in Resources */,
				4C3860C9206A32290060335C /* LaunchScreen.storyboard in Resources */,
				4C3860C6206A32290060335C /* Assets.xcassets in Resources */,
				4C3860C4206A32290060335C /* Main.storyboard in Resources */,
				4CC1442E20C711A000555A3B /* TaskTableViewCell.xib in Resources */,
			);
			runOnlyForDeploymentPostprocessing = 0;
		};
		4C3860CD206A32290060335C /* Resources */ = {
			isa = PBXResourcesBuildPhase;
			buildActionMask = 2147483647;
			files = (
			);
			runOnlyForDeploymentPostprocessing = 0;
		};
		4C3860D8206A32290060335C /* Resources */ = {
			isa = PBXResourcesBuildPhase;
			buildActionMask = 2147483647;
			files = (
			);
			runOnlyForDeploymentPostprocessing = 0;
		};
/* End PBXResourcesBuildPhase section */

/* Begin PBXShellScriptBuildPhase section */
		11BB447743DB125CC788FCF6 /* [CP] Copy Pods Resources */ = {
			isa = PBXShellScriptBuildPhase;
			buildActionMask = 2147483647;
			files = (
			);
			inputPaths = (
			);
			name = "[CP] Copy Pods Resources";
			outputPaths = (
			);
			runOnlyForDeploymentPostprocessing = 0;
			shellPath = /bin/sh;
			shellScript = "\"${SRCROOT}/Pods/Target Support Files/Pods-BeefficientUITests/Pods-BeefficientUITests-resources.sh\"\n";
			showEnvVarsInLog = 0;
		};
		1AC92A101C8CD28FB4C31358 /* [CP] Embed Pods Frameworks */ = {
			isa = PBXShellScriptBuildPhase;
			buildActionMask = 2147483647;
			files = (
			);
			inputPaths = (
				"${SRCROOT}/Pods/Target Support Files/Pods-Beefficient/Pods-Beefficient-frameworks.sh",
				"${BUILT_PRODUCTS_DIR}/Alamofire/Alamofire.framework",
				"${BUILT_PRODUCTS_DIR}/Moya/Moya.framework",
				"${BUILT_PRODUCTS_DIR}/Result/Result.framework",
			);
			name = "[CP] Embed Pods Frameworks";
			outputPaths = (
				"${TARGET_BUILD_DIR}/${FRAMEWORKS_FOLDER_PATH}/Alamofire.framework",
				"${TARGET_BUILD_DIR}/${FRAMEWORKS_FOLDER_PATH}/Moya.framework",
				"${TARGET_BUILD_DIR}/${FRAMEWORKS_FOLDER_PATH}/Result.framework",
			);
			runOnlyForDeploymentPostprocessing = 0;
			shellPath = /bin/sh;
			shellScript = "\"${SRCROOT}/Pods/Target Support Files/Pods-Beefficient/Pods-Beefficient-frameworks.sh\"\n";
			showEnvVarsInLog = 0;
		};
		3AF28D5CD5C3428BA6E8B5C4 /* [CP] Embed Pods Frameworks */ = {
			isa = PBXShellScriptBuildPhase;
			buildActionMask = 2147483647;
			files = (
			);
			inputPaths = (
			);
			name = "[CP] Embed Pods Frameworks";
			outputPaths = (
			);
			runOnlyForDeploymentPostprocessing = 0;
			shellPath = /bin/sh;
			shellScript = "\"${SRCROOT}/Pods/Target Support Files/Pods-BeefficientTests/Pods-BeefficientTests-frameworks.sh\"\n";
			showEnvVarsInLog = 0;
		};
		43BCCD4ED9461F1B1CDDB7FF /* [CP] Check Pods Manifest.lock */ = {
			isa = PBXShellScriptBuildPhase;
			buildActionMask = 2147483647;
			files = (
			);
			inputPaths = (
				"${PODS_PODFILE_DIR_PATH}/Podfile.lock",
				"${PODS_ROOT}/Manifest.lock",
			);
			name = "[CP] Check Pods Manifest.lock";
			outputPaths = (
				"$(DERIVED_FILE_DIR)/Pods-Beefficient-checkManifestLockResult.txt",
			);
			runOnlyForDeploymentPostprocessing = 0;
			shellPath = /bin/sh;
			shellScript = "diff \"${PODS_PODFILE_DIR_PATH}/Podfile.lock\" \"${PODS_ROOT}/Manifest.lock\" > /dev/null\nif [ $? != 0 ] ; then\n    # print error to STDERR\n    echo \"error: The sandbox is not in sync with the Podfile.lock. Run 'pod install' or update your CocoaPods installation.\" >&2\n    exit 1\nfi\n# This output is used by Xcode 'outputs' to avoid re-running this script phase.\necho \"SUCCESS\" > \"${SCRIPT_OUTPUT_FILE_0}\"\n";
			showEnvVarsInLog = 0;
		};
		6F9C58731A88170C652367ED /* [CP] Copy Pods Resources */ = {
			isa = PBXShellScriptBuildPhase;
			buildActionMask = 2147483647;
			files = (
			);
			inputPaths = (
			);
			name = "[CP] Copy Pods Resources";
			outputPaths = (
			);
			runOnlyForDeploymentPostprocessing = 0;
			shellPath = /bin/sh;
			shellScript = "\"${SRCROOT}/Pods/Target Support Files/Pods-BeefficientTests/Pods-BeefficientTests-resources.sh\"\n";
			showEnvVarsInLog = 0;
		};
		7375C27C9BA6035E3F7D0FEA /* [CP] Check Pods Manifest.lock */ = {
			isa = PBXShellScriptBuildPhase;
			buildActionMask = 2147483647;
			files = (
			);
			inputPaths = (
				"${PODS_PODFILE_DIR_PATH}/Podfile.lock",
				"${PODS_ROOT}/Manifest.lock",
			);
			name = "[CP] Check Pods Manifest.lock";
			outputPaths = (
				"$(DERIVED_FILE_DIR)/Pods-BeefficientTests-checkManifestLockResult.txt",
			);
			runOnlyForDeploymentPostprocessing = 0;
			shellPath = /bin/sh;
			shellScript = "diff \"${PODS_PODFILE_DIR_PATH}/Podfile.lock\" \"${PODS_ROOT}/Manifest.lock\" > /dev/null\nif [ $? != 0 ] ; then\n    # print error to STDERR\n    echo \"error: The sandbox is not in sync with the Podfile.lock. Run 'pod install' or update your CocoaPods installation.\" >&2\n    exit 1\nfi\n# This output is used by Xcode 'outputs' to avoid re-running this script phase.\necho \"SUCCESS\" > \"${SCRIPT_OUTPUT_FILE_0}\"\n";
			showEnvVarsInLog = 0;
		};
		7E8C6214A2F2406E3D09BEF6 /* [CP] Embed Pods Frameworks */ = {
			isa = PBXShellScriptBuildPhase;
			buildActionMask = 2147483647;
			files = (
			);
			inputPaths = (
			);
			name = "[CP] Embed Pods Frameworks";
			outputPaths = (
			);
			runOnlyForDeploymentPostprocessing = 0;
			shellPath = /bin/sh;
			shellScript = "\"${SRCROOT}/Pods/Target Support Files/Pods-BeefficientUITests/Pods-BeefficientUITests-frameworks.sh\"\n";
			showEnvVarsInLog = 0;
		};
		86C9D9D4D1B446EE9B24A7FF /* [CP] Check Pods Manifest.lock */ = {
			isa = PBXShellScriptBuildPhase;
			buildActionMask = 2147483647;
			files = (
			);
			inputPaths = (
				"${PODS_PODFILE_DIR_PATH}/Podfile.lock",
				"${PODS_ROOT}/Manifest.lock",
			);
			name = "[CP] Check Pods Manifest.lock";
			outputPaths = (
				"$(DERIVED_FILE_DIR)/Pods-BeefficientUITests-checkManifestLockResult.txt",
			);
			runOnlyForDeploymentPostprocessing = 0;
			shellPath = /bin/sh;
			shellScript = "diff \"${PODS_PODFILE_DIR_PATH}/Podfile.lock\" \"${PODS_ROOT}/Manifest.lock\" > /dev/null\nif [ $? != 0 ] ; then\n    # print error to STDERR\n    echo \"error: The sandbox is not in sync with the Podfile.lock. Run 'pod install' or update your CocoaPods installation.\" >&2\n    exit 1\nfi\n# This output is used by Xcode 'outputs' to avoid re-running this script phase.\necho \"SUCCESS\" > \"${SCRIPT_OUTPUT_FILE_0}\"\n";
			showEnvVarsInLog = 0;
		};
		CBB322B3E12EB4973542906E /* [CP] Copy Pods Resources */ = {
			isa = PBXShellScriptBuildPhase;
			buildActionMask = 2147483647;
			files = (
			);
			inputPaths = (
			);
			name = "[CP] Copy Pods Resources";
			outputPaths = (
			);
			runOnlyForDeploymentPostprocessing = 0;
			shellPath = /bin/sh;
			shellScript = "\"${SRCROOT}/Pods/Target Support Files/Pods-Beefficient/Pods-Beefficient-resources.sh\"\n";
			showEnvVarsInLog = 0;
		};
/* End PBXShellScriptBuildPhase section */

/* Begin PBXSourcesBuildPhase section */
		4C3860B7206A32290060335C /* Sources */ = {
			isa = PBXSourcesBuildPhase;
			buildActionMask = 2147483647;
			files = (
				4C53E96520976770008F0408 /* Task.swift in Sources */,
				4C6EFA552086811900BF97B1 /* HTTPTask.swift in Sources */,
				4CCDE0EE20721BD000332F6D /* SignUpViewController.swift in Sources */,
				4C53E96720976E3C008F0408 /* ChatDate.swift in Sources */,
				4CCDE0EA20721A0E00332F6D /* LoginViewController.swift in Sources */,
				4C9AC6AC208DDFCA00C92CAD /* VerifyViewController.swift in Sources */,
				4CCDE0F2207221EC00332F6D /* Validation.swift in Sources */,
				4C53E9632097601E008F0408 /* MyTasksViewController.swift in Sources */,
				4C6EFA592086818200BF97B1 /* Router.swift in Sources */,
				4C43674520873C7A00227515 /* UIViewController+Ext.swift in Sources */,
				4C6EFA572086815400BF97B1 /* NetworkLogger.swift in Sources */,
				4C9E038F20C2BF4D00DA3074 /* Hive.swift in Sources */,
				4C43674A2087493900227515 /* UIColor+Ext.swift in Sources */,
				4C3860C1206A32290060335C /* ViewController.swift in Sources */,
				4C9E039720C2C2D700DA3074 /* HivesViewController.swift in Sources */,
				4C9E038720BDC59500DA3074 /* ChatMessageTableViewCell.swift in Sources */,
				4C6EFA5C208683E100BF97B1 /* ParameterEncoding.swift in Sources */,
				4C4367482087445200227515 /* AuthTextField.swift in Sources */,
				4CCDE0E8207215F800332F6D /* AuthViewController.swift in Sources */,
				4C6EFA4F2086806300BF97B1 /* EndPointType.swift in Sources */,
				4C9E038D20C18A5400DA3074 /* PoolViewModel.swift in Sources */,
				4CEB445020BC4674001D23C1 /* TaskViewController.swift in Sources */,
				4C43673D2087339F00227515 /* Environment.swift in Sources */,
				4C9E038B20C189FF00DA3074 /* PoolViewController.swift in Sources */,
				4C6EFA602086842F00BF97B1 /* JSONParameterEncoding.swift in Sources */,
				4C6EFA632086894B00BF97B1 /* NetworkManager.swift in Sources */,
				4CEB444720BBFD77001D23C1 /* TimeWork.swift in Sources */,
				4C9D2482206D29B80094FCDF /* User.swift in Sources */,
				4C53E96D20986E3D008F0408 /* RequestResult.swift in Sources */,
				4C436740208737F200227515 /* AlertNotification.swift in Sources */,
				4C53E96F20987BF4008F0408 /* MyTasksViewModel.swift in Sources */,
				4CCDE0EC20721B7D00332F6D /* LoginViewModel.swift in Sources */,
				4C6EFA53208680FD00BF97B1 /* HTTPMethod.swift in Sources */,
				4CCDE0F020721EB600332F6D /* SignUpViewModel.swift in Sources */,
				4C9E039520C2C1D500DA3074 /* HivesViewModel.swift in Sources */,
				4CC1442D20C711A000555A3B /* TaskTableViewCell.swift in Sources */,
				4C9E039A20C2C72C00DA3074 /* HivesHeaderTableViewCell.swift in Sources */,
				4C3860BF206A32290060335C /* AppDelegate.swift in Sources */,
				4C6EFA5E2086840B00BF97B1 /* URLParameterEncoding.swift in Sources */,
				4C9AC6AE208DDFF700C92CAD /* VerifyViewModel.swift in Sources */,
				4CC1443220C7322100555A3B /* MemberTableViewCell.swift in Sources */,
				4C9E038920BDCF7E00DA3074 /* UIView+Ext.swift in Sources */,
				4C6EFA4C20867FF900BF97B1 /* BeefficientEndPoint.swift in Sources */,
				4CEB445220BC4694001D23C1 /* TaskViewModel.swift in Sources */,
				4C53E9692097717E008F0408 /* Chat.swift in Sources */,
			);
			runOnlyForDeploymentPostprocessing = 0;
		};
		4C3860CB206A32290060335C /* Sources */ = {
			isa = PBXSourcesBuildPhase;
			buildActionMask = 2147483647;
			files = (
				4C3860D4206A32290060335C /* BeefficientTests.swift in Sources */,
			);
			runOnlyForDeploymentPostprocessing = 0;
		};
		4C3860D6206A32290060335C /* Sources */ = {
			isa = PBXSourcesBuildPhase;
			buildActionMask = 2147483647;
			files = (
				4C3860DF206A32290060335C /* BeefficientUITests.swift in Sources */,
			);
			runOnlyForDeploymentPostprocessing = 0;
		};
/* End PBXSourcesBuildPhase section */

/* Begin PBXTargetDependency section */
		4C3860D1206A32290060335C /* PBXTargetDependency */ = {
			isa = PBXTargetDependency;
			target = 4C3860BA206A32290060335C /* Beefficient */;
			targetProxy = 4C3860D0206A32290060335C /* PBXContainerItemProxy */;
		};
		4C3860DC206A32290060335C /* PBXTargetDependency */ = {
			isa = PBXTargetDependency;
			target = 4C3860BA206A32290060335C /* Beefficient */;
			targetProxy = 4C3860DB206A32290060335C /* PBXContainerItemProxy */;
		};
/* End PBXTargetDependency section */

/* Begin PBXVariantGroup section */
		4C3860C2206A32290060335C /* Main.storyboard */ = {
			isa = PBXVariantGroup;
			children = (
				4C3860C3206A32290060335C /* Base */,
			);
			name = Main.storyboard;
			sourceTree = "<group>";
		};
		4C3860C7206A32290060335C /* LaunchScreen.storyboard */ = {
			isa = PBXVariantGroup;
			children = (
				4C3860C8206A32290060335C /* Base */,
			);
			name = LaunchScreen.storyboard;
			sourceTree = "<group>";
		};
/* End PBXVariantGroup section */

/* Begin XCBuildConfiguration section */
		4C3860E1206A32290060335C /* Debug */ = {
			isa = XCBuildConfiguration;
			buildSettings = {
				ALWAYS_SEARCH_USER_PATHS = NO;
				CLANG_ANALYZER_NONNULL = YES;
				CLANG_ANALYZER_NUMBER_OBJECT_CONVERSION = YES_AGGRESSIVE;
				CLANG_CXX_LANGUAGE_STANDARD = "gnu++14";
				CLANG_CXX_LIBRARY = "libc++";
				CLANG_ENABLE_MODULES = YES;
				CLANG_ENABLE_OBJC_ARC = YES;
				CLANG_WARN_BLOCK_CAPTURE_AUTORELEASING = YES;
				CLANG_WARN_BOOL_CONVERSION = YES;
				CLANG_WARN_COMMA = YES;
				CLANG_WARN_CONSTANT_CONVERSION = YES;
				CLANG_WARN_DEPRECATED_OBJC_IMPLEMENTATIONS = YES;
				CLANG_WARN_DIRECT_OBJC_ISA_USAGE = YES_ERROR;
				CLANG_WARN_DOCUMENTATION_COMMENTS = YES;
				CLANG_WARN_EMPTY_BODY = YES;
				CLANG_WARN_ENUM_CONVERSION = YES;
				CLANG_WARN_INFINITE_RECURSION = YES;
				CLANG_WARN_INT_CONVERSION = YES;
				CLANG_WARN_NON_LITERAL_NULL_CONVERSION = YES;
				CLANG_WARN_OBJC_IMPLICIT_RETAIN_SELF = YES;
				CLANG_WARN_OBJC_LITERAL_CONVERSION = YES;
				CLANG_WARN_OBJC_ROOT_CLASS = YES_ERROR;
				CLANG_WARN_RANGE_LOOP_ANALYSIS = YES;
				CLANG_WARN_STRICT_PROTOTYPES = YES;
				CLANG_WARN_SUSPICIOUS_MOVE = YES;
				CLANG_WARN_UNGUARDED_AVAILABILITY = YES_AGGRESSIVE;
				CLANG_WARN_UNREACHABLE_CODE = YES;
				CLANG_WARN__DUPLICATE_METHOD_MATCH = YES;
				CODE_SIGN_IDENTITY = "iPhone Developer";
				COPY_PHASE_STRIP = NO;
				DEBUG_INFORMATION_FORMAT = dwarf;
				ENABLE_STRICT_OBJC_MSGSEND = YES;
				ENABLE_TESTABILITY = YES;
				FRAMEWORK_SEARCH_PATHS = (
					"$(inherited)",
					"\"${PODS_CONFIGURATION_BUILD_DIR}/Alamofire\"",
					"\"${PODS_CONFIGURATION_BUILD_DIR}/Moya\"",
					"\"${PODS_CONFIGURATION_BUILD_DIR}/NSObject+Rx\"",
					"\"${PODS_CONFIGURATION_BUILD_DIR}/Result\"",
					"\"${PODS_CONFIGURATION_BUILD_DIR}/RxAlamofire\"",
					"\"${PODS_CONFIGURATION_BUILD_DIR}/RxCocoa\"",
					"\"${PODS_CONFIGURATION_BUILD_DIR}/RxSwift\"",
				);
				GCC_C_LANGUAGE_STANDARD = gnu11;
				GCC_DYNAMIC_NO_PIC = NO;
				GCC_NO_COMMON_BLOCKS = YES;
				GCC_OPTIMIZATION_LEVEL = 0;
				GCC_PREPROCESSOR_DEFINITIONS = (
					"DEBUG=1",
					"$(inherited)",
				);
				GCC_WARN_64_TO_32_BIT_CONVERSION = YES;
				GCC_WARN_ABOUT_RETURN_TYPE = YES_ERROR;
				GCC_WARN_UNDECLARED_SELECTOR = YES;
				GCC_WARN_UNINITIALIZED_AUTOS = YES_AGGRESSIVE;
				GCC_WARN_UNUSED_FUNCTION = YES;
				GCC_WARN_UNUSED_VARIABLE = YES;
				IPHONEOS_DEPLOYMENT_TARGET = 11.2;
				MTL_ENABLE_DEBUG_INFO = YES;
				ONLY_ACTIVE_ARCH = YES;
				SDKROOT = iphoneos;
				SWIFT_ACTIVE_COMPILATION_CONDITIONS = DEBUG;
				SWIFT_OPTIMIZATION_LEVEL = "-Onone";
			};
			name = Debug;
		};
		4C3860E2206A32290060335C /* Release */ = {
			isa = XCBuildConfiguration;
			buildSettings = {
				ALWAYS_SEARCH_USER_PATHS = NO;
				CLANG_ANALYZER_NONNULL = YES;
				CLANG_ANALYZER_NUMBER_OBJECT_CONVERSION = YES_AGGRESSIVE;
				CLANG_CXX_LANGUAGE_STANDARD = "gnu++14";
				CLANG_CXX_LIBRARY = "libc++";
				CLANG_ENABLE_MODULES = YES;
				CLANG_ENABLE_OBJC_ARC = YES;
				CLANG_WARN_BLOCK_CAPTURE_AUTORELEASING = YES;
				CLANG_WARN_BOOL_CONVERSION = YES;
				CLANG_WARN_COMMA = YES;
				CLANG_WARN_CONSTANT_CONVERSION = YES;
				CLANG_WARN_DEPRECATED_OBJC_IMPLEMENTATIONS = YES;
				CLANG_WARN_DIRECT_OBJC_ISA_USAGE = YES_ERROR;
				CLANG_WARN_DOCUMENTATION_COMMENTS = YES;
				CLANG_WARN_EMPTY_BODY = YES;
				CLANG_WARN_ENUM_CONVERSION = YES;
				CLANG_WARN_INFINITE_RECURSION = YES;
				CLANG_WARN_INT_CONVERSION = YES;
				CLANG_WARN_NON_LITERAL_NULL_CONVERSION = YES;
				CLANG_WARN_OBJC_IMPLICIT_RETAIN_SELF = YES;
				CLANG_WARN_OBJC_LITERAL_CONVERSION = YES;
				CLANG_WARN_OBJC_ROOT_CLASS = YES_ERROR;
				CLANG_WARN_RANGE_LOOP_ANALYSIS = YES;
				CLANG_WARN_STRICT_PROTOTYPES = YES;
				CLANG_WARN_SUSPICIOUS_MOVE = YES;
				CLANG_WARN_UNGUARDED_AVAILABILITY = YES_AGGRESSIVE;
				CLANG_WARN_UNREACHABLE_CODE = YES;
				CLANG_WARN__DUPLICATE_METHOD_MATCH = YES;
				CODE_SIGN_IDENTITY = "iPhone Developer";
				COPY_PHASE_STRIP = NO;
				DEBUG_INFORMATION_FORMAT = "dwarf-with-dsym";
				ENABLE_NS_ASSERTIONS = NO;
				ENABLE_STRICT_OBJC_MSGSEND = YES;
				FRAMEWORK_SEARCH_PATHS = (
					"$(inherited)",
					"\"${PODS_CONFIGURATION_BUILD_DIR}/Alamofire\"",
					"\"${PODS_CONFIGURATION_BUILD_DIR}/Moya\"",
					"\"${PODS_CONFIGURATION_BUILD_DIR}/NSObject+Rx\"",
					"\"${PODS_CONFIGURATION_BUILD_DIR}/Result\"",
					"\"${PODS_CONFIGURATION_BUILD_DIR}/RxAlamofire\"",
					"\"${PODS_CONFIGURATION_BUILD_DIR}/RxCocoa\"",
					"\"${PODS_CONFIGURATION_BUILD_DIR}/RxSwift\"",
				);
				GCC_C_LANGUAGE_STANDARD = gnu11;
				GCC_NO_COMMON_BLOCKS = YES;
				GCC_WARN_64_TO_32_BIT_CONVERSION = YES;
				GCC_WARN_ABOUT_RETURN_TYPE = YES_ERROR;
				GCC_WARN_UNDECLARED_SELECTOR = YES;
				GCC_WARN_UNINITIALIZED_AUTOS = YES_AGGRESSIVE;
				GCC_WARN_UNUSED_FUNCTION = YES;
				GCC_WARN_UNUSED_VARIABLE = YES;
				IPHONEOS_DEPLOYMENT_TARGET = 11.2;
				MTL_ENABLE_DEBUG_INFO = NO;
				SDKROOT = iphoneos;
				SWIFT_OPTIMIZATION_LEVEL = "-Owholemodule";
				VALIDATE_PRODUCT = YES;
			};
			name = Release;
		};
		4C3860E4206A32290060335C /* Debug */ = {
			isa = XCBuildConfiguration;
			baseConfigurationReference = 35BB19040F593C2ED5B18A80 /* Pods-Beefficient.debug.xcconfig */;
			buildSettings = {
				ASSETCATALOG_COMPILER_APPICON_NAME = AppIcon;
				CODE_SIGN_STYLE = Automatic;
				DEVELOPMENT_TEAM = XE8PTHZ3R5;
				FRAMEWORK_SEARCH_PATHS = "$(inherited)";
				INFOPLIST_FILE = Beefficient/Info.plist;
				LD_RUNPATH_SEARCH_PATHS = "$(inherited) @executable_path/Frameworks";
				PRODUCT_BUNDLE_IDENTIFIER = com.beefficient.Beefficient;
				PRODUCT_NAME = "$(TARGET_NAME)";
				SWIFT_VERSION = 4.0;
				TARGETED_DEVICE_FAMILY = 1;
			};
			name = Debug;
		};
		4C3860E5206A32290060335C /* Release */ = {
			isa = XCBuildConfiguration;
			baseConfigurationReference = CA14AE005F31CB069C3A9B63 /* Pods-Beefficient.release.xcconfig */;
			buildSettings = {
				ASSETCATALOG_COMPILER_APPICON_NAME = AppIcon;
				CODE_SIGN_STYLE = Automatic;
				DEVELOPMENT_TEAM = XE8PTHZ3R5;
				FRAMEWORK_SEARCH_PATHS = "$(inherited)";
				INFOPLIST_FILE = Beefficient/Info.plist;
				LD_RUNPATH_SEARCH_PATHS = "$(inherited) @executable_path/Frameworks";
				PRODUCT_BUNDLE_IDENTIFIER = com.beefficient.Beefficient;
				PRODUCT_NAME = "$(TARGET_NAME)";
				SWIFT_VERSION = 4.0;
				TARGETED_DEVICE_FAMILY = 1;
			};
			name = Release;
		};
		4C3860E7206A32290060335C /* Debug */ = {
			isa = XCBuildConfiguration;
			baseConfigurationReference = 89C896AB408924F217C08A17 /* Pods-BeefficientTests.debug.xcconfig */;
			buildSettings = {
				ALWAYS_EMBED_SWIFT_STANDARD_LIBRARIES = YES;
				BUNDLE_LOADER = "$(TEST_HOST)";
				CODE_SIGN_STYLE = Automatic;
				DEVELOPMENT_TEAM = XE8PTHZ3R5;
				INFOPLIST_FILE = BeefficientTests/Info.plist;
				LD_RUNPATH_SEARCH_PATHS = "$(inherited) @executable_path/Frameworks @loader_path/Frameworks";
				PRODUCT_BUNDLE_IDENTIFIER = com.beefficient.BeefficientTests;
				PRODUCT_NAME = "$(TARGET_NAME)";
				SWIFT_VERSION = 4.0;
				TARGETED_DEVICE_FAMILY = "1,2";
				TEST_HOST = "$(BUILT_PRODUCTS_DIR)/Beefficient.app/Beefficient";
			};
			name = Debug;
		};
		4C3860E8206A32290060335C /* Release */ = {
			isa = XCBuildConfiguration;
			baseConfigurationReference = B75244F1548D4E678FA9E1A6 /* Pods-BeefficientTests.release.xcconfig */;
			buildSettings = {
				ALWAYS_EMBED_SWIFT_STANDARD_LIBRARIES = YES;
				BUNDLE_LOADER = "$(TEST_HOST)";
				CODE_SIGN_STYLE = Automatic;
				DEVELOPMENT_TEAM = XE8PTHZ3R5;
				INFOPLIST_FILE = BeefficientTests/Info.plist;
				LD_RUNPATH_SEARCH_PATHS = "$(inherited) @executable_path/Frameworks @loader_path/Frameworks";
				PRODUCT_BUNDLE_IDENTIFIER = com.beefficient.BeefficientTests;
				PRODUCT_NAME = "$(TARGET_NAME)";
				SWIFT_VERSION = 4.0;
				TARGETED_DEVICE_FAMILY = "1,2";
				TEST_HOST = "$(BUILT_PRODUCTS_DIR)/Beefficient.app/Beefficient";
			};
			name = Release;
		};
		4C3860EA206A32290060335C /* Debug */ = {
			isa = XCBuildConfiguration;
			baseConfigurationReference = CD72AF901C861B03C87ACED6 /* Pods-BeefficientUITests.debug.xcconfig */;
			buildSettings = {
				ALWAYS_EMBED_SWIFT_STANDARD_LIBRARIES = YES;
				CODE_SIGN_STYLE = Automatic;
				DEVELOPMENT_TEAM = XE8PTHZ3R5;
				INFOPLIST_FILE = BeefficientUITests/Info.plist;
				LD_RUNPATH_SEARCH_PATHS = "$(inherited) @executable_path/Frameworks @loader_path/Frameworks";
				PRODUCT_BUNDLE_IDENTIFIER = com.beefficient.BeefficientUITests;
				PRODUCT_NAME = "$(TARGET_NAME)";
				SWIFT_VERSION = 4.0;
				TARGETED_DEVICE_FAMILY = "1,2";
				TEST_TARGET_NAME = Beefficient;
			};
			name = Debug;
		};
		4C3860EB206A32290060335C /* Release */ = {
			isa = XCBuildConfiguration;
			baseConfigurationReference = EA8DB2E6987448D140178502 /* Pods-BeefficientUITests.release.xcconfig */;
			buildSettings = {
				ALWAYS_EMBED_SWIFT_STANDARD_LIBRARIES = YES;
				CODE_SIGN_STYLE = Automatic;
				DEVELOPMENT_TEAM = XE8PTHZ3R5;
				INFOPLIST_FILE = BeefficientUITests/Info.plist;
				LD_RUNPATH_SEARCH_PATHS = "$(inherited) @executable_path/Frameworks @loader_path/Frameworks";
				PRODUCT_BUNDLE_IDENTIFIER = com.beefficient.BeefficientUITests;
				PRODUCT_NAME = "$(TARGET_NAME)";
				SWIFT_VERSION = 4.0;
				TARGETED_DEVICE_FAMILY = "1,2";
				TEST_TARGET_NAME = Beefficient;
			};
			name = Release;
		};
/* End XCBuildConfiguration section */

/* Begin XCConfigurationList section */
		4C3860B6206A32290060335C /* Build configuration list for PBXProject "Beefficient" */ = {
			isa = XCConfigurationList;
			buildConfigurations = (
				4C3860E1206A32290060335C /* Debug */,
				4C3860E2206A32290060335C /* Release */,
			);
			defaultConfigurationIsVisible = 0;
			defaultConfigurationName = Release;
		};
		4C3860E3206A32290060335C /* Build configuration list for PBXNativeTarget "Beefficient" */ = {
			isa = XCConfigurationList;
			buildConfigurations = (
				4C3860E4206A32290060335C /* Debug */,
				4C3860E5206A32290060335C /* Release */,
			);
			defaultConfigurationIsVisible = 0;
			defaultConfigurationName = Release;
		};
		4C3860E6206A32290060335C /* Build configuration list for PBXNativeTarget "BeefficientTests" */ = {
			isa = XCConfigurationList;
			buildConfigurations = (
				4C3860E7206A32290060335C /* Debug */,
				4C3860E8206A32290060335C /* Release */,
			);
			defaultConfigurationIsVisible = 0;
			defaultConfigurationName = Release;
		};
		4C3860E9206A32290060335C /* Build configuration list for PBXNativeTarget "BeefficientUITests" */ = {
			isa = XCConfigurationList;
			buildConfigurations = (
				4C3860EA206A32290060335C /* Debug */,
				4C3860EB206A32290060335C /* Release */,
			);
			defaultConfigurationIsVisible = 0;
			defaultConfigurationName = Release;
		};
/* End XCConfigurationList section */
	};
	rootObject = 4C3860B3206A32290060335C /* Project object */;
}
